// !$*UTF8*$!
{
	archiveVersion = 1;
	classes = {
	};
	objectVersion = 77;
	objects = {

/* Begin PBXContainerItemProxy section */
		E0B9F0E62E91EDAC003ED3CE /* PBXContainerItemProxy */ = {
			isa = PBXContainerItemProxy;
			containerPortal = E0B9F0D02E91EDAA003ED3CE /* Project object */;
			proxyType = 1;
			remoteGlobalIDString = E0B9F0D72E91EDAA003ED3CE;
			remoteInfo = portfolio;
		};
		E0B9F0F02E91EDAC003ED3CE /* PBXContainerItemProxy */ = {
			isa = PBXContainerItemProxy;
			containerPortal = E0B9F0D02E91EDAA003ED3CE /* Project object */;
			proxyType = 1;
			remoteGlobalIDString = E0B9F0D72E91EDAA003ED3CE;
			remoteInfo = portfolio;
		};
/* End PBXContainerItemProxy section */

/* Begin PBXFileReference section */
		E0B9F0D82E91EDAA003ED3CE /* portfolio.app */ = {isa = PBXFileReference; explicitFileType = wrapper.application; includeInIndex = 0; path = portfolio.app; sourceTree = BUILT_PRODUCTS_DIR; };
		E0B9F0E52E91EDAC003ED3CE /* portfolioTests.xctest */ = {isa = PBXFileReference; explicitFileType = wrapper.cfbundle; includeInIndex = 0; path = portfolioTests.xctest; sourceTree = BUILT_PRODUCTS_DIR; };
		E0B9F0EF2E91EDAC003ED3CE /* portfolioUITests.xctest */ = {isa = PBXFileReference; explicitFileType = wrapper.cfbundle; includeInIndex = 0; path = portfolioUITests.xctest; sourceTree = BUILT_PRODUCTS_DIR; };
/* End PBXFileReference section */

/* Begin PBXFileSystemSynchronizedRootGroup section */
		E0B9F0DA2E91EDAA003ED3CE /* portfolio */ = {
			isa = PBXFileSystemSynchronizedRootGroup;
			path = portfolio;
			sourceTree = "<group>";
		};
		E0B9F0E82E91EDAC003ED3CE /* portfolioTests */ = {
			isa = PBXFileSystemSynchronizedRootGroup;
			path = portfolioTests;
			sourceTree = "<group>";
		};
		E0B9F0F22E91EDAC003ED3CE /* portfolioUITests */ = {
			isa = PBXFileSystemSynchronizedRootGroup;
			path = portfolioUITests;
			sourceTree = "<group>";
		};
/* End PBXFileSystemSynchronizedRootGroup section */

/* Begin PBXFrameworksBuildPhase section */
		E0B9F0D52E91EDAA003ED3CE /* Frameworks */ = {
			isa = PBXFrameworksBuildPhase;
			buildActionMask = 2147483647;
			files = (
			);
			runOnlyForDeploymentPostprocessing = 0;
		};
		E0B9F0E22E91EDAC003ED3CE /* Frameworks */ = {
			isa = PBXFrameworksBuildPhase;
			buildActionMask = 2147483647;
			files = (
			);
			runOnlyForDeploymentPostprocessing = 0;
		};
		E0B9F0EC2E91EDAC003ED3CE /* Frameworks */ = {
			isa = PBXFrameworksBuildPhase;
			buildActionMask = 2147483647;
			files = (
			);
			runOnlyForDeploymentPostprocessing = 0;
		};
/* End PBXFrameworksBuildPhase section */

/* Begin PBXGroup section */
		E0B9F0CF2E91EDAA003ED3CE = {
			isa = PBXGroup;
			children = (
				E0B9F0DA2E91EDAA003ED3CE /* portfolio */,
				E0B9F0E82E91EDAC003ED3CE /* portfolioTests */,
				E0B9F0F22E91EDAC003ED3CE /* portfolioUITests */,
				E0B9F0D92E91EDAA003ED3CE /* Products */,
			);
			sourceTree = "<group>";
		};
		E0B9F0D92E91EDAA003ED3CE /* Products */ = {
			isa = PBXGroup;
			children = (
				E0B9F0D82E91EDAA003ED3CE /* portfolio.app */,
				E0B9F0E52E91EDAC003ED3CE /* portfolioTests.xctest */,
				E0B9F0EF2E91EDAC003ED3CE /* portfolioUITests.xctest */,
			);
			name = Products;
			sourceTree = "<group>";
		};
/* End PBXGroup section */

/* Begin PBXNativeTarget section */
		E0B9F0D72E91EDAA003ED3CE /* portfolio */ = {
			isa = PBXNativeTarget;
			buildConfigurationList = E0B9F0F92E91EDAC003ED3CE /* Build configuration list for PBXNativeTarget "portfolio" */;
			buildPhases = (
				E0B9F0D42E91EDAA003ED3CE /* Sources */,
				E0B9F0D52E91EDAA003ED3CE /* Frameworks */,
				E0B9F0D62E91EDAA003ED3CE /* Resources */,
			);
			buildRules = (
			);
			dependencies = (
			);
			fileSystemSynchronizedGroups = (
				E0B9F0DA2E91EDAA003ED3CE /* portfolio */,
			);
			name = portfolio;
			packageProductDependencies = (
			);
			productName = portfolio;
			productReference = E0B9F0D82E91EDAA003ED3CE /* portfolio.app */;
			productType = "com.apple.product-type.application";
		};
		E0B9F0E42E91EDAC003ED3CE /* portfolioTests */ = {
			isa = PBXNativeTarget;
			buildConfigurationList = E0B9F0FC2E91EDAC003ED3CE /* Build configuration list for PBXNativeTarget "portfolioTests" */;
			buildPhases = (
				E0B9F0E12E91EDAC003ED3CE /* Sources */,
				E0B9F0E22E91EDAC003ED3CE /* Frameworks */,
				E0B9F0E32E91EDAC003ED3CE /* Resources */,
			);
			buildRules = (
			);
			dependencies = (
				E0B9F0E72E91EDAC003ED3CE /* PBXTargetDependency */,
			);
			fileSystemSynchronizedGroups = (
				E0B9F0E82E91EDAC003ED3CE /* portfolioTests */,
			);
			name = portfolioTests;
			packageProductDependencies = (
			);
			productName = portfolioTests;
			productReference = E0B9F0E52E91EDAC003ED3CE /* portfolioTests.xctest */;
			productType = "com.apple.product-type.bundle.unit-test";
		};
		E0B9F0EE2E91EDAC003ED3CE /* portfolioUITests */ = {
			isa = PBXNativeTarget;
			buildConfigurationList = E0B9F0FF2E91EDAC003ED3CE /* Build configuration list for PBXNativeTarget "portfolioUITests" */;
			buildPhases = (
				E0B9F0EB2E91EDAC003ED3CE /* Sources */,
				E0B9F0EC2E91EDAC003ED3CE /* Frameworks */,
				E0B9F0ED2E91EDAC003ED3CE /* Resources */,
			);
			buildRules = (
			);
			dependencies = (
				E0B9F0F12E91EDAC003ED3CE /* PBXTargetDependency */,
			);
			fileSystemSynchronizedGroups = (
				E0B9F0F22E91EDAC003ED3CE /* portfolioUITests */,
			);
			name = portfolioUITests;
			packageProductDependencies = (
			);
			productName = portfolioUITests;
			productReference = E0B9F0EF2E91EDAC003ED3CE /* portfolioUITests.xctest */;
			productType = "com.apple.product-type.bundle.ui-testing";
		};
/* End PBXNativeTarget section */

/* Begin PBXProject section */
		E0B9F0D02E91EDAA003ED3CE /* Project object */ = {
			isa = PBXProject;
			attributes = {
				BuildIndependentTargetsInParallel = 1;
				LastSwiftUpdateCheck = 1640;
				LastUpgradeCheck = 1640;
				TargetAttributes = {
					E0B9F0D72E91EDAA003ED3CE = {
						CreatedOnToolsVersion = 16.4;
					};
					E0B9F0E42E91EDAC003ED3CE = {
						CreatedOnToolsVersion = 16.4;
						TestTargetID = E0B9F0D72E91EDAA003ED3CE;
					};
					E0B9F0EE2E91EDAC003ED3CE = {
						CreatedOnToolsVersion = 16.4;
						TestTargetID = E0B9F0D72E91EDAA003ED3CE;
					};
				};
			};
			buildConfigurationList = E0B9F0D32E91EDAA003ED3CE /* Build configuration list for PBXProject "portfolio" */;
			developmentRegion = en;
			hasScannedForEncodings = 0;
			knownRegions = (
				en,
				Base,
			);
			mainGroup = E0B9F0CF2E91EDAA003ED3CE;
			minimizedProjectReferenceProxies = 1;
			preferredProjectObjectVersion = 77;
			productRefGroup = E0B9F0D92E91EDAA003ED3CE /* Products */;
			projectDirPath = "";
			projectRoot = "";
			targets = (
				E0B9F0D72E91EDAA003ED3CE /* portfolio */,
				E0B9F0E42E91EDAC003ED3CE /* portfolioTests */,
				E0B9F0EE2E91EDAC003ED3CE /* portfolioUITests */,
			);
		};
/* End PBXProject section */

/* Begin PBXResourcesBuildPhase section */
		E0B9F0D62E91EDAA003ED3CE /* Resources */ = {
			isa = PBXResourcesBuildPhase;
			buildActionMask = 2147483647;
			files = (
			);
			runOnlyForDeploymentPostprocessing = 0;
		};
		E0B9F0E32E91EDAC003ED3CE /* Resources */ = {
			isa = PBXResourcesBuildPhase;
			buildActionMask = 2147483647;
			files = (
			);
			runOnlyForDeploymentPostprocessing = 0;
		};
		E0B9F0ED2E91EDAC003ED3CE /* Resources */ = {
			isa = PBXResourcesBuildPhase;
			buildActionMask = 2147483647;
			files = (
			);
			runOnlyForDeploymentPostprocessing = 0;
		};
/* End PBXResourcesBuildPhase section */

/* Begin PBXSourcesBuildPhase section */
		E0B9F0D42E91EDAA003ED3CE /* Sources */ = {
			isa = PBXSourcesBuildPhase;
			buildActionMask = 2147483647;
			files = (
			);
			runOnlyForDeploymentPostprocessing = 0;
		};
		E0B9F0E12E91EDAC003ED3CE /* Sources */ = {
			isa = PBXSourcesBuildPhase;
			buildActionMask = 2147483647;
			files = (
			);
			runOnlyForDeploymentPostprocessing = 0;
		};
		E0B9F0EB2E91EDAC003ED3CE /* Sources */ = {
			isa = PBXSourcesBuildPhase;
			buildActionMask = 2147483647;
			files = (
			);
			runOnlyForDeploymentPostprocessing = 0;
		};
/* End PBXSourcesBuildPhase section */

/* Begin PBXTargetDependency section */
		E0B9F0E72E91EDAC003ED3CE /* PBXTargetDependency */ = {
			isa = PBXTargetDependency;
			target = E0B9F0D72E91EDAA003ED3CE /* portfolio */;
			targetProxy = E0B9F0E62E91EDAC003ED3CE /* PBXContainerItemProxy */;
		};
		E0B9F0F12E91EDAC003ED3CE /* PBXTargetDependency */ = {
			isa = PBXTargetDependency;
			target = E0B9F0D72E91EDAA003ED3CE /* portfolio */;
			targetProxy = E0B9F0F02E91EDAC003ED3CE /* PBXContainerItemProxy */;
		};
/* End PBXTargetDependency section */

/* Begin XCBuildConfiguration section */
		E0B9F0F72E91EDAC003ED3CE /* Debug */ = {
			isa = XCBuildConfiguration;
			buildSettings = {
				ALWAYS_SEARCH_USER_PATHS = NO;
				ASSETCATALOG_COMPILER_GENERATE_SWIFT_ASSET_SYMBOL_EXTENSIONS = YES;
				CLANG_ANALYZER_NONNULL = YES;
				CLANG_ANALYZER_NUMBER_OBJECT_CONVERSION = YES_AGGRESSIVE;
				CLANG_CXX_LANGUAGE_STANDARD = "gnu++20";
				CLANG_ENABLE_MODULES = YES;
				CLANG_ENABLE_OBJC_ARC = YES;
				CLANG_ENABLE_OBJC_WEAK = YES;
				CLANG_WARN_BLOCK_CAPTURE_AUTORELEASING = YES;
				CLANG_WARN_BOOL_CONVERSION = YES;
				CLANG_WARN_COMMA = YES;
				CLANG_WARN_CONSTANT_CONVERSION = YES;
				CLANG_WARN_DEPRECATED_OBJC_IMPLEMENTATIONS = YES;
				CLANG_WARN_DIRECT_OBJC_ISA_USAGE = YES_ERROR;
				CLANG_WARN_DOCUMENTATION_COMMENTS = YES;
				CLANG_WARN_EMPTY_BODY = YES;
				CLANG_WARN_ENUM_CONVERSION = YES;
				CLANG_WARN_INFINITE_RECURSION = YES;
				CLANG_WARN_INT_CONVERSION = YES;
				CLANG_WARN_NON_LITERAL_NULL_CONVERSION = YES;
				CLANG_WARN_OBJC_IMPLICIT_RETAIN_SELF = YES;
				CLANG_WARN_OBJC_LITERAL_CONVERSION = YES;
				CLANG_WARN_OBJC_ROOT_CLASS = YES_ERROR;
				CLANG_WARN_QUOTED_INCLUDE_IN_FRAMEWORK_HEADER = YES;
				CLANG_WARN_RANGE_LOOP_ANALYSIS = YES;
				CLANG_WARN_STRICT_PROTOTYPES = YES;
				CLANG_WARN_SUSPICIOUS_MOVE = YES;
				CLANG_WARN_UNGUARDED_AVAILABILITY = YES_AGGRESSIVE;
				CLANG_WARN_UNREACHABLE_CODE = YES;
				CLANG_WARN__DUPLICATE_METHOD_MATCH = YES;
				COPY_PHASE_STRIP = NO;
				DEBUG_INFORMATION_FORMAT = dwarf;
				DEVELOPMENT_TEAM = JWGUWL64BX;
				ENABLE_STRICT_OBJC_MSGSEND = YES;
				ENABLE_TESTABILITY = YES;
				ENABLE_USER_SCRIPT_SANDBOXING = YES;
				GCC_C_LANGUAGE_STANDARD = gnu17;
				GCC_DYNAMIC_NO_PIC = NO;
				GCC_NO_COMMON_BLOCKS = YES;
				GCC_OPTIMIZATION_LEVEL = 0;
				GCC_PREPROCESSOR_DEFINITIONS = (
					"DEBUG=1",
					"$(inherited)",
				);
				GCC_WARN_64_TO_32_BIT_CONVERSION = YES;
				GCC_WARN_ABOUT_RETURN_TYPE = YES_ERROR;
				GCC_WARN_UNDECLARED_SELECTOR = YES;
				GCC_WARN_UNINITIALIZED_AUTOS = YES_AGGRESSIVE;
				GCC_WARN_UNUSED_FUNCTION = YES;
				GCC_WARN_UNUSED_VARIABLE = YES;
				IPHONEOS_DEPLOYMENT_TARGET = 18.5;
				LOCALIZATION_PREFERS_STRING_CATALOGS = YES;
				MTL_ENABLE_DEBUG_INFO = INCLUDE_SOURCE;
				MTL_FAST_MATH = YES;
				ONLY_ACTIVE_ARCH = YES;
				SDKROOT = iphoneos;
				SWIFT_ACTIVE_COMPILATION_CONDITIONS = "DEBUG $(inherited)";
				SWIFT_OPTIMIZATION_LEVEL = "-Onone";
			};
			name = Debug;
		};
		E0B9F0F82E91EDAC003ED3CE /* Release */ = {
			isa = XCBuildConfiguration;
			buildSettings = {
				ALWAYS_SEARCH_USER_PATHS = NO;
				ASSETCATALOG_COMPILER_GENERATE_SWIFT_ASSET_SYMBOL_EXTENSIONS = YES;
				CLANG_ANALYZER_NONNULL = YES;
				CLANG_ANALYZER_NUMBER_OBJECT_CONVERSION = YES_AGGRESSIVE;
				CLANG_CXX_LANGUAGE_STANDARD = "gnu++20";
				CLANG_ENABLE_MODULES = YES;
				CLANG_ENABLE_OBJC_ARC = YES;
				CLANG_ENABLE_OBJC_WEAK = YES;
				CLANG_WARN_BLOCK_CAPTURE_AUTORELEASING = YES;
				CLANG_WARN_BOOL_CONVERSION = YES;
				CLANG_WARN_COMMA = YES;
				CLANG_WARN_CONSTANT_CONVERSION = YES;
				CLANG_WARN_DEPRECATED_OBJC_IMPLEMENTATIONS = YES;
				CLANG_WARN_DIRECT_OBJC_ISA_USAGE = YES_ERROR;
				CLANG_WARN_DOCUMENTATION_COMMENTS = YES;
				CLANG_WARN_EMPTY_BODY = YES;
				CLANG_WARN_ENUM_CONVERSION = YES;
				CLANG_WARN_INFINITE_RECURSION = YES;
				CLANG_WARN_INT_CONVERSION = YES;
				CLANG_WARN_NON_LITERAL_NULL_CONVERSION = YES;
				CLANG_WARN_OBJC_IMPLICIT_RETAIN_SELF = YES;
				CLANG_WARN_OBJC_LITERAL_CONVERSION = YES;
				CLANG_WARN_OBJC_ROOT_CLASS = YES_ERROR;
				CLANG_WARN_QUOTED_INCLUDE_IN_FRAMEWORK_HEADER = YES;
				CLANG_WARN_RANGE_LOOP_ANALYSIS = YES;
				CLANG_WARN_STRICT_PROTOTYPES = YES;
				CLANG_WARN_SUSPICIOUS_MOVE = YES;
				CLANG_WARN_UNGUARDED_AVAILABILITY = YES_AGGRESSIVE;
				CLANG_WARN_UNREACHABLE_CODE = YES;
				CLANG_WARN__DUPLICATE_METHOD_MATCH = YES;
				COPY_PHASE_STRIP = NO;
				DEBUG_INFORMATION_FORMAT = "dwarf-with-dsym";
				DEVELOPMENT_TEAM = JWGUWL64BX;
				ENABLE_NS_ASSERTIONS = NO;
				ENABLE_STRICT_OBJC_MSGSEND = YES;
				ENABLE_USER_SCRIPT_SANDBOXING = YES;
				GCC_C_LANGUAGE_STANDARD = gnu17;
				GCC_NO_COMMON_BLOCKS = YES;
				GCC_WARN_64_TO_32_BIT_CONVERSION = YES;
				GCC_WARN_ABOUT_RETURN_TYPE = YES_ERROR;
				GCC_WARN_UNDECLARED_SELECTOR = YES;
				GCC_WARN_UNINITIALIZED_AUTOS = YES_AGGRESSIVE;
				GCC_WARN_UNUSED_FUNCTION = YES;
				GCC_WARN_UNUSED_VARIABLE = YES;
				IPHONEOS_DEPLOYMENT_TARGET = 18.5;
				LOCALIZATION_PREFERS_STRING_CATALOGS = YES;
				MTL_ENABLE_DEBUG_INFO = NO;
				MTL_FAST_MATH = YES;
				SDKROOT = iphoneos;
				SWIFT_COMPILATION_MODE = wholemodule;
				VALIDATE_PRODUCT = YES;
			};
			name = Release;
		};
		E0B9F0FA2E91EDAC003ED3CE /* Debug */ = {
			isa = XCBuildConfiguration;
			buildSettings = {
				ASSETCATALOG_COMPILER_APPICON_NAME = AppIcon;
				ASSETCATALOG_COMPILER_GLOBAL_ACCENT_COLOR_NAME = AccentColor;
				CODE_SIGN_STYLE = Automatic;
				CURRENT_PROJECT_VERSION = 1;
				DEVELOPMENT_TEAM = JWGUWL64BX;
				ENABLE_PREVIEWS = YES;
				GENERATE_INFOPLIST_FILE = YES;
				INFOPLIST_KEY_UIApplicationSceneManifest_Generation = YES;
				INFOPLIST_KEY_UIApplicationSupportsIndirectInputEvents = YES;
				INFOPLIST_KEY_UILaunchScreen_Generation = YES;
				INFOPLIST_KEY_UISupportedInterfaceOrientations_iPad = "UIInterfaceOrientationPortrait UIInterfaceOrientationPortraitUpsideDown UIInterfaceOrientationLandscapeLeft UIInterfaceOrientationLandscapeRight";
				INFOPLIST_KEY_UISupportedInterfaceOrientations_iPhone = "UIInterfaceOrientationPortrait UIInterfaceOrientationLandscapeLeft UIInterfaceOrientationLandscapeRight";
				LD_RUNPATH_SEARCH_PATHS = (
					"$(inherited)",
					"@executable_path/Frameworks",
				);
				MARKETING_VERSION = 1.0;
				PRODUCT_BUNDLE_IDENTIFIER = com.BZCode.portfolio;
				PRODUCT_NAME = "$(TARGET_NAME)";
				SWIFT_EMIT_LOC_STRINGS = YES;
				SWIFT_VERSION = 5.0;
				TARGETED_DEVICE_FAMILY = "1,2";
			};
			name = Debug;
		};
		E0B9F0FB2E91EDAC003ED3CE /* Release */ = {
			isa = XCBuildConfiguration;
			buildSettings = {
				ASSETCATALOG_COMPILER_APPICON_NAME = AppIcon;
				ASSETCATALOG_COMPILER_GLOBAL_ACCENT_COLOR_NAME = AccentColor;
				CODE_SIGN_STYLE = Automatic;
				CURRENT_PROJECT_VERSION = 1;
				DEVELOPMENT_TEAM = JWGUWL64BX;
				ENABLE_PREVIEWS = YES;
				GENERATE_INFOPLIST_FILE = YES;
				INFOPLIST_KEY_UIApplicationSceneManifest_Generation = YES;
				INFOPLIST_KEY_UIApplicationSupportsIndirectInputEvents = YES;
				INFOPLIST_KEY_UILaunchScreen_Generation = YES;
				INFOPLIST_KEY_UISupportedInterfaceOrientations_iPad = "UIInterfaceOrientationPortrait UIInterfaceOrientationPortraitUpsideDown UIInterfaceOrientationLandscapeLeft UIInterfaceOrientationLandscapeRight";
				INFOPLIST_KEY_UISupportedInterfaceOrientations_iPhone = "UIInterfaceOrientationPortrait UIInterfaceOrientationLandscapeLeft UIInterfaceOrientationLandscapeRight";
				LD_RUNPATH_SEARCH_PATHS = (
					"$(inherited)",
					"@executable_path/Frameworks",
				);
				MARKETING_VERSION = 1.0;
				PRODUCT_BUNDLE_IDENTIFIER = com.BZCode.portfolio;
				PRODUCT_NAME = "$(TARGET_NAME)";
				SWIFT_EMIT_LOC_STRINGS = YES;
				SWIFT_VERSION = 5.0;
				TARGETED_DEVICE_FAMILY = "1,2";
			};
			name = Release;
		};
		E0B9F0FD2E91EDAC003ED3CE /* Debug */ = {
			isa = XCBuildConfiguration;
			buildSettings = {
				BUNDLE_LOADER = "$(TEST_HOST)";
				CODE_SIGN_STYLE = Automatic;
				CURRENT_PROJECT_VERSION = 1;
				DEVELOPMENT_TEAM = JWGUWL64BX;
				GENERATE_INFOPLIST_FILE = YES;
				IPHONEOS_DEPLOYMENT_TARGET = 18.5;
				MARKETING_VERSION = 1.0;
				PRODUCT_BUNDLE_IDENTIFIER = com.BZCode.portfolioTests;
				PRODUCT_NAME = "$(TARGET_NAME)";
				SWIFT_EMIT_LOC_STRINGS = NO;
				SWIFT_VERSION = 5.0;
				TARGETED_DEVICE_FAMILY = "1,2";
				TEST_HOST = "$(BUILT_PRODUCTS_DIR)/portfolio.app/$(BUNDLE_EXECUTABLE_FOLDER_PATH)/portfolio";
			};
			name = Debug;
		};
		E0B9F0FE2E91EDAC003ED3CE /* Release */ = {
			isa = XCBuildConfiguration;
			buildSettings = {
				BUNDLE_LOADER = "$(TEST_HOST)";
				CODE_SIGN_STYLE = Automatic;
				CURRENT_PROJECT_VERSION = 1;
				DEVELOPMENT_TEAM = JWGUWL64BX;
				GENERATE_INFOPLIST_FILE = YES;
				IPHONEOS_DEPLOYMENT_TARGET = 18.5;
				MARKETING_VERSION = 1.0;
				PRODUCT_BUNDLE_IDENTIFIER = com.BZCode.portfolioTests;
				PRODUCT_NAME = "$(TARGET_NAME)";
				SWIFT_EMIT_LOC_STRINGS = NO;
				SWIFT_VERSION = 5.0;
				TARGETED_DEVICE_FAMILY = "1,2";
				TEST_HOST = "$(BUILT_PRODUCTS_DIR)/portfolio.app/$(BUNDLE_EXECUTABLE_FOLDER_PATH)/portfolio";
			};
			name = Release;
		};
		E0B9F1002E91EDAC003ED3CE /* Debug */ = {
			isa = XCBuildConfiguration;
			buildSettings = {
				CODE_SIGN_STYLE = Automatic;
				CURRENT_PROJECT_VERSION = 1;
				DEVELOPMENT_TEAM = JWGUWL64BX;
				GENERATE_INFOPLIST_FILE = YES;
				MARKETING_VERSION = 1.0;
				PRODUCT_BUNDLE_IDENTIFIER = com.BZCode.portfolioUITests;
				PRODUCT_NAME = "$(TARGET_NAME)";
				SWIFT_EMIT_LOC_STRINGS = NO;
				SWIFT_VERSION = 5.0;
				TARGETED_DEVICE_FAMILY = "1,2";
				TEST_TARGET_NAME = portfolio;
			};
			name = Debug;
		};
		E0B9F1012E91EDAC003ED3CE /* Release */ = {
			isa = XCBuildConfiguration;
			buildSettings = {
				CODE_SIGN_STYLE = Automatic;
				CURRENT_PROJECT_VERSION = 1;
				DEVELOPMENT_TEAM = JWGUWL64BX;
				GENERATE_INFOPLIST_FILE = YES;
				MARKETING_VERSION = 1.0;
				PRODUCT_BUNDLE_IDENTIFIER = com.BZCode.portfolioUITests;
				PRODUCT_NAME = "$(TARGET_NAME)";
				SWIFT_EMIT_LOC_STRINGS = NO;
				SWIFT_VERSION = 5.0;
				TARGETED_DEVICE_FAMILY = "1,2";
				TEST_TARGET_NAME = portfolio;
			};
			name = Release;
		};
/* End XCBuildConfiguration section */

/* Begin XCConfigurationList section */
		E0B9F0D32E91EDAA003ED3CE /* Build configuration list for PBXProject "portfolio" */ = {
			isa = XCConfigurationList;
			buildConfigurations = (
				E0B9F0F72E91EDAC003ED3CE /* Debug */,
				E0B9F0F82E91EDAC003ED3CE /* Release */,
			);
			defaultConfigurationIsVisible = 0;
			defaultConfigurationName = Release;
		};
		E0B9F0F92E91EDAC003ED3CE /* Build configuration list for PBXNativeTarget "portfolio" */ = {
			isa = XCConfigurationList;
			buildConfigurations = (
				E0B9F0FA2E91EDAC003ED3CE /* Debug */,
				E0B9F0FB2E91EDAC003ED3CE /* Release */,
			);
			defaultConfigurationIsVisible = 0;
			defaultConfigurationName = Release;
		};
		E0B9F0FC2E91EDAC003ED3CE /* Build configuration list for PBXNativeTarget "portfolioTests" */ = {
			isa = XCConfigurationList;
			buildConfigurations = (
				E0B9F0FD2E91EDAC003ED3CE /* Debug */,
				E0B9F0FE2E91EDAC003ED3CE /* Release */,
			);
			defaultConfigurationIsVisible = 0;
			defaultConfigurationName = Release;
		};
		E0B9F0FF2E91EDAC003ED3CE /* Build configuration list for PBXNativeTarget "portfolioUITests" */ = {
			isa = XCConfigurationList;
			buildConfigurations = (
				E0B9F1002E91EDAC003ED3CE /* Debug */,
				E0B9F1012E91EDAC003ED3CE /* Release */,
			);
			defaultConfigurationIsVisible = 0;
			defaultConfigurationName = Release;
		};
/* End XCConfigurationList section */
	};
	rootObject = E0B9F0D02E91EDAA003ED3CE /* Project object */;
}
